
Microsoft Visual Studio Solution File, Format Version 12.00
# Visual Studio Version 16
VisualStudioVersion = 16.0.31321.278
MinimumVisualStudioVersion = 10.0.40219.1
Project("{FAE04EC0-301F-11D3-BF4B-00C04F79EFBC}") = "lab6", "lab6\lab6.csproj", "{49FE5032-492C-4D5F-8E85-AA2B803FCF4D}"
EndProject
Global
	GlobalSection(SolutionConfigurationPlatforms) = preSolution
		Debug|Any CPU = Debug|Any CPU
		Release|Any CPU = Release|Any CPU
	EndGlobalSection
	GlobalSection(ProjectConfigurationPlatforms) = postSolution
		{49FE5032-492C-4D5F-8E85-AA2B803FCF4D}.Debug|Any CPU.ActiveCfg = Debug|Any CPU
		{49FE5032-492C-4D5F-8E85-AA2B803FCF4D}.Debug|Any CPU.Build.0 = Debug|Any CPU
		{49FE5032-492C-4D5F-8E85-AA2B803FCF4D}.Release|Any CPU.ActiveCfg = Release|Any CPU
		{49FE5032-492C-4D5F-8E85-AA2B803FCF4D}.Release|Any CPU.Build.0 = Release|Any CPU
	EndGlobalSection
	GlobalSection(SolutionProperties) = preSolution
		HideSolutionNode = FALSE
	EndGlobalSection
	GlobalSection(ExtensibilityGlobals) = postSolution
		SolutionGuid = {AEDABF43-2EC7-4799-B91C-F29C76201003}
	EndGlobalSection
EndGlobal
